
Microsoft Visual Studio Solution File, Format Version 12.00
# Visual Studio Version 17
VisualStudioVersion = 17.10.35122.118
MinimumVisualStudioVersion = 10.0.40219.1
Project("{9A19103F-16F7-4668-BE54-9A1E7A4F7556}") = "Infrastructure", "Infrastructure\Infrastructure.csproj", "{3B8F384C-6AA9-4090-B194-B0DFFCA7D759}"
EndProject
Project("{9A19103F-16F7-4668-BE54-9A1E7A4F7556}") = "ApplicationCore", "ApplicationCore\ApplicationCore.csproj", "{6793ED00-6FD9-4D7A-AFEB-15559683BF94}"
EndProject
Project("{9A19103F-16F7-4668-BE54-9A1E7A4F7556}") = "Web", "Web\Web.csproj", "{87699B69-AA33-43C9-995B-FD5DA295C1F9}"
EndProject
Global
	GlobalSection(SolutionConfigurationPlatforms) = preSolution
		Debug|Any CPU = Debug|Any CPU
		Release|Any CPU = Release|Any CPU
	EndGlobalSection
	GlobalSection(ProjectConfigurationPlatforms) = postSolution
		{3B8F384C-6AA9-4090-B194-B0DFFCA7D759}.Debug|Any CPU.ActiveCfg = Debug|Any CPU
		{3B8F384C-6AA9-4090-B194-B0DFFCA7D759}.Debug|Any CPU.Build.0 = Debug|Any CPU
		{3B8F384C-6AA9-4090-B194-B0DFFCA7D759}.Release|Any CPU.ActiveCfg = Release|Any CPU
		{3B8F384C-6AA9-4090-B194-B0DFFCA7D759}.Release|Any CPU.Build.0 = Release|Any CPU
		{6793ED00-6FD9-4D7A-AFEB-15559683BF94}.Debug|Any CPU.ActiveCfg = Debug|Any CPU
		{6793ED00-6FD9-4D7A-AFEB-15559683BF94}.Debug|Any CPU.Build.0 = Debug|Any CPU
		{6793ED00-6FD9-4D7A-AFEB-15559683BF94}.Release|Any CPU.ActiveCfg = Release|Any CPU
		{6793ED00-6FD9-4D7A-AFEB-15559683BF94}.Release|Any CPU.Build.0 = Release|Any CPU
		{87699B69-AA33-43C9-995B-FD5DA295C1F9}.Debug|Any CPU.ActiveCfg = Debug|Any CPU
		{87699B69-AA33-43C9-995B-FD5DA295C1F9}.Debug|Any CPU.Build.0 = Debug|Any CPU
		{87699B69-AA33-43C9-995B-FD5DA295C1F9}.Release|Any CPU.ActiveCfg = Release|Any CPU
		{87699B69-AA33-43C9-995B-FD5DA295C1F9}.Release|Any CPU.Build.0 = Release|Any CPU
	EndGlobalSection
	GlobalSection(SolutionProperties) = preSolution
		HideSolutionNode = FALSE
	EndGlobalSection
	GlobalSection(ExtensibilityGlobals) = postSolution
		SolutionGuid = {A01AFDB0-2A20-45EA-B2E2-5C3B5D16CBDA}
	EndGlobalSection
EndGlobal
